
Microsoft Visual Studio Solution File, Format Version 12.00
# Visual Studio Version 17
VisualStudioVersion = 17.13.35919.96 d17.13
MinimumVisualStudioVersion = 10.0.40219.1
Project("{FAE04EC0-301F-11D3-BF4B-00C04F79EFBC}") = "Cliente_Texto", "Cliente_Texto\Cliente_Texto.csproj", "{01C9222A-2B45-4501-8A19-5E582FA2F72A}"
EndProject
Global
	GlobalSection(SolutionConfigurationPlatforms) = preSolution
		Debug|Any CPU = Debug|Any CPU
		Release|Any CPU = Release|Any CPU
	EndGlobalSection
	GlobalSection(ProjectConfigurationPlatforms) = postSolution
		{01C9222A-2B45-4501-8A19-5E582FA2F72A}.Debug|Any CPU.ActiveCfg = Debug|Any CPU
		{01C9222A-2B45-4501-8A19-5E582FA2F72A}.Debug|Any CPU.Build.0 = Debug|Any CPU
		{01C9222A-2B45-4501-8A19-5E582FA2F72A}.Release|Any CPU.ActiveCfg = Release|Any CPU
		{01C9222A-2B45-4501-8A19-5E582FA2F72A}.Release|Any CPU.Build.0 = Release|Any CPU
	EndGlobalSection
	GlobalSection(SolutionProperties) = preSolution
		HideSolutionNode = FALSE
	EndGlobalSection
	GlobalSection(ExtensibilityGlobals) = postSolution
		SolutionGuid = {B08E4F84-6099-47BD-839A-215D7262C9EC}
	EndGlobalSection
EndGlobal
